<?xml version="1.0" encoding="utf-8"?>
<Project ToolsVersion="4.0" xmlns="http://schemas.microsoft.com/developer/msbuild/2003">
  <ItemGroup>
    <ClCompile Include="Boolean.cpp" />
    <ClCompile Include="Boost.cpp" />
    <ClCompile Include="Fracture.cpp" />
    <ClCompile Include="main.cpp" />
    <ClCompile Include="MeshIO.cpp" />
    <ClCompile Include="WavefrontIO.cpp" />
  </ItemGroup>
  <ItemGroup>
    <ClInclude Include="Boolean.h" />
    <ClInclude Include="Fracture.h" />
    <ClInclude Include="MeshIO.h" />
  </ItemGroup>
  <ItemGroup>
    <None Include="packages.config" />
  </ItemGroup>
</Project>